
Microsoft Visual Studio Solution File, Format Version 12.00
# Visual Studio Version 16
VisualStudioVersion = 16.0.31729.503
MinimumVisualStudioVersion = 10.0.40219.1
Project("{FAE04EC0-301F-11D3-BF4B-00C04F79EFBC}") = "sortListOfJobs", "sortListOfJobs\sortListOfJobs.csproj", "{7FF5F271-C571-4A8A-9CB0-BDD679E58E62}"
EndProject
Global
	GlobalSection(SolutionConfigurationPlatforms) = preSolution
		Debug|Any CPU = Debug|Any CPU
		Release|Any CPU = Release|Any CPU
	EndGlobalSection
	GlobalSection(ProjectConfigurationPlatforms) = postSolution
		{7FF5F271-C571-4A8A-9CB0-BDD679E58E62}.Debug|Any CPU.ActiveCfg = Debug|Any CPU
		{7FF5F271-C571-4A8A-9CB0-BDD679E58E62}.Debug|Any CPU.Build.0 = Debug|Any CPU
		{7FF5F271-C571-4A8A-9CB0-BDD679E58E62}.Release|Any CPU.ActiveCfg = Release|Any CPU
		{7FF5F271-C571-4A8A-9CB0-BDD679E58E62}.Release|Any CPU.Build.0 = Release|Any CPU
	EndGlobalSection
	GlobalSection(SolutionProperties) = preSolution
		HideSolutionNode = FALSE
	EndGlobalSection
	GlobalSection(ExtensibilityGlobals) = postSolution
		SolutionGuid = {BADB4469-BC52-47AC-91B7-0DDB5FE4214C}
	EndGlobalSection
EndGlobal
